github.com/mkocikowski/libkafka v0.0.2 h1:tzHepAg2rRU4ceZHHQNM1AeAIId59NoYBGmDtbTOSa0=
github.com/mkocikowski/libkafka v0.0.2/go.mod h1:yq/tp+9lNspzf75zi3aFJbXjUlFuduwHgXLKugyMCew=
github.com/mkocikowski/libkafka v0.0.3-0.20200407155116-d9353caa07bd h1:hP5OfNhzddJdKSkayAwU/wDF3lY9JaPZ3S6RC6PagxQ=
github.com/mkocikowski/libkafka v0.0.3-0.20200407155116-d9353caa07bd/go.mod h1:yq/tp+9lNspzf75zi3aFJbXjUlFuduwHgXLKugyMCew=
github.com/mkocikowski/libkafka v0.0.3 h1:EYpLqV5+p1M5YzezDF+ISYEPY+b01jve2MtRJ/0oXM0=
github.com/mkocikowski/libkafka v0.0.3/go.mod h1:yq/tp+9lNspzf75zi3aFJbXjUlFuduwHgXLKugyMCew=
github.com/mkocikowski/libkafka v0.0.4 h1:lKHiM6wj4/QRad5rGz5yWVURfwzzpNQUzqn354yzXpE=
github.com/mkocikowski/libkafka v0.0.4/go.mod h1:yq/tp+9lNspzf75zi3aFJbXjUlFuduwHgXLKugyMCew=
github.com/mkocikowski/libkafka v0.0.5 h1:q6tj73iPaB/lmf5A4bYR6KWvfSdy30sctz77hIMdCNs=
github.com/mkocikowski/libkafka v0.0.5/go.mod h1:yq/tp+9lNspzf75zi3aFJbXjUlFuduwHgXLKugyMCew=
github.com/mkocikowski/libkafka v0.0.6 h1:6SSdozX2F4To+0ZJx1SSfEoe0FY1gI6TJerPt1W8rw4=
github.com/mkocikowski/libkafka v0.0.6/go.mod h1:yq/tp+9lNspzf75zi3aFJbXjUlFuduwHgXLKugyMCew=
github.com/mkocikowski/libkafka v0.0.7-0.20200429184154-fdc281285150 h1:9bmLow/19aFXqLpOPp0TJkyPdQrpb7QltRS0BuAKZqk=
github.com/mkocikowski/libkafka v0.0.7-0.20200429184154-fdc281285150/go.mod h1:yq/tp+9lNspzf75zi3aFJbXjUlFuduwHgXLKugyMCew=
github.com/mkocikowski/libkafka v0.0.7-0.20200429205121-3c1e410650ee h1:DYEaLrzSPmyS3vj3frRKmk1U8tB4MqS0LinBqldX4As=
github.com/mkocikowski/libkafka v0.0.7-0.20200429205121-3c1e410650ee/go.mod h1:yq/tp+9lNspzf75zi3aFJbXjUlFuduwHgXLKugyMCew=
github.com/mkocikowski/libkafka v0.0.8 h1:k3IXUgVc7gtHFk0AxLAmlqPWZ+lUX3J110JDh8UFA6U=
github.com/mkocikowski/libkafka v0.0.8/go.mod h1:yq/tp+9lNspzf75zi3aFJbXjUlFuduwHgXLKugyMCew=
