github.com/mkocikowski/libkafka v0.0.2 h1:tzHepAg2rRU4ceZHHQNM1AeAIId59NoYBGmDtbTOSa0=
github.com/mkocikowski/libkafka v0.0.2/go.mod h1:yq/tp+9lNspzf75zi3aFJbXjUlFuduwHgXLKugyMCew=
github.com/mkocikowski/libkafka v0.0.3-0.20200407155116-d9353caa07bd h1:hP5OfNhzddJdKSkayAwU/wDF3lY9JaPZ3S6RC6PagxQ=
github.com/mkocikowski/libkafka v0.0.3-0.20200407155116-d9353caa07bd/go.mod h1:yq/tp+9lNspzf75zi3aFJbXjUlFuduwHgXLKugyMCew=
github.com/mkocikowski/libkafka v0.0.3 h1:EYpLqV5+p1M5YzezDF+ISYEPY+b01jve2MtRJ/0oXM0=
github.com/mkocikowski/libkafka v0.0.3/go.mod h1:yq/tp+9lNspzf75zi3aFJbXjUlFuduwHgXLKugyMCew=
github.com/mkocikowski/libkafka v0.0.4 h1:lKHiM6wj4/QRad5rGz5yWVURfwzzpNQUzqn354yzXpE=
github.com/mkocikowski/libkafka v0.0.4/go.mod h1:yq/tp+9lNspzf75zi3aFJbXjUlFuduwHgXLKugyMCew=
github.com/mkocikowski/libkafka v0.0.5 h1:q6tj73iPaB/lmf5A4bYR6KWvfSdy30sctz77hIMdCNs=
github.com/mkocikowski/libkafka v0.0.5/go.mod h1:yq/tp+9lNspzf75zi3aFJbXjUlFuduwHgXLKugyMCew=
github.com/mkocikowski/libkafka v0.0.6 h1:6SSdozX2F4To+0ZJx1SSfEoe0FY1gI6TJerPt1W8rw4=
github.com/mkocikowski/libkafka v0.0.6/go.mod h1:yq/tp+9lNspzf75zi3aFJbXjUlFuduwHgXLKugyMCew=
github.com/mkocikowski/libkafka v0.0.7-0.20200429184154-fdc281285150 h1:9bmLow/19aFXqLpOPp0TJkyPdQrpb7QltRS0BuAKZqk=
github.com/mkocikowski/libkafka v0.0.7-0.20200429184154-fdc281285150/go.mod h1:yq/tp+9lNspzf75zi3aFJbXjUlFuduwHgXLKugyMCew=
github.com/mkocikowski/libkafka v0.0.7-0.20200429205121-3c1e410650ee h1:DYEaLrzSPmyS3vj3frRKmk1U8tB4MqS0LinBqldX4As=
github.com/mkocikowski/libkafka v0.0.7-0.20200429205121-3c1e410650ee/go.mod h1:yq/tp+9lNspzf75zi3aFJbXjUlFuduwHgXLKugyMCew=
github.com/mkocikowski/libkafka v0.0.8 h1:k3IXUgVc7gtHFk0AxLAmlqPWZ+lUX3J110JDh8UFA6U=
github.com/mkocikowski/libkafka v0.0.8/go.mod h1:yq/tp+9lNspzf75zi3aFJbXjUlFuduwHgXLKugyMCew=
github.com/mkocikowski/libkafka v0.0.9-0.20200505014657-bd324605a037 h1:4/kp081Fmtd5AeP1irQ7+WfcGErQaFAnMzTfBrAxsIs=
github.com/mkocikowski/libkafka v0.0.9-0.20200505014657-bd324605a037/go.mod h1:yq/tp+9lNspzf75zi3aFJbXjUlFuduwHgXLKugyMCew=
github.com/mkocikowski/libkafka v0.0.9-0.20200505152127-593b99d02f39 h1:jfnDQIEsBYtG6cefoUFo7x39Z1OFOUHfL0Iom5umaE0=
github.com/mkocikowski/libkafka v0.0.9-0.20200505152127-593b99d02f39/go.mod h1:yq/tp+9lNspzf75zi3aFJbXjUlFuduwHgXLKugyMCew=
github.com/mkocikowski/libkafka v0.0.9-0.20200505172151-8800af82171b h1:x1+8uPfe9R5U/8AXoNpl57bOx7vUKvlSjmMGFbFRDMU=
github.com/mkocikowski/libkafka v0.0.9-0.20200505172151-8800af82171b/go.mod h1:yq/tp+9lNspzf75zi3aFJbXjUlFuduwHgXLKugyMCew=
github.com/mkocikowski/libkafka v0.0.9-0.20200505195812-02b1d65d5948 h1:BgycMDVByKyeQ++K2Kc58NsKvWvGHcpPrI/1wBme1IA=
github.com/mkocikowski/libkafka v0.0.9-0.20200505195812-02b1d65d5948/go.mod h1:yq/tp+9lNspzf75zi3aFJbXjUlFuduwHgXLKugyMCew=
github.com/mkocikowski/libkafka v0.0.9 h1:y2pckurw/B/dNIOKkhrWf/B8ZYUFPrTMeMftb9Zi4tw=
github.com/mkocikowski/libkafka v0.0.9/go.mod h1:yq/tp+9lNspzf75zi3aFJbXjUlFuduwHgXLKugyMCew=
github.com/mkocikowski/libkafka v0.0.10-0.20200514205855-16def12f255f h1:/nrRqWm9lCkAkRmV/wQa5h3GA4T1Cx1mF2Ui4qujJ7I=
github.com/mkocikowski/libkafka v0.0.10-0.20200514205855-16def12f255f/go.mod h1:yq/tp+9lNspzf75zi3aFJbXjUlFuduwHgXLKugyMCew=
github.com/mkocikowski/libkafka v0.0.10 h1:pshaGa1Q8pyw3fd3FE7MvEL/31ktzv8Ry6kjN7VKwqw=
github.com/mkocikowski/libkafka v0.0.10/go.mod h1:yq/tp+9lNspzf75zi3aFJbXjUlFuduwHgXLKugyMCew=
